# @generated by Move, please check-in and do not edit manually.

[move]
version = 3
manifest_digest = "B4ED295FE7CAB313D01EFBD9F8E7304BFBC9B00E027C5C8DD47A3B3CCACDD968"
deps_digest = "F8BBB0CCB2491CA29A3DF03D6F92277A4F3574266507ACD77214D37ECA3F3082"
dependencies = [
  { id = "Sui", name = "Sui" },
]

[[move.package]]
id = "MoveStdlib"
source = { git = "https://github.com/MystenLabs/sui.git", rev = "framework/devnet", subdir = "crates\\sui-framework\\packages\\move-stdlib" }

[[move.package]]
id = "Sui"
source = { git = "https://github.com/MystenLabs/sui.git", rev = "framework/devnet", subdir = "crates/sui-framework/packages/sui-framework" }

dependencies = [
  { id = "MoveStdlib", name = "MoveStdlib" },
]

[move.toolchain-version]
compiler-version = "1.48.1"
edition = "2024"
flavor = "sui"

[env]

[env.testnet]
chain-id = "4c78adac"
original-published-id = "0x5ecfe35245a833bdf3e11c7dce072e41a34d7b29dc2f0890fa89806922644586"
latest-published-id = "0x5ecfe35245a833bdf3e11c7dce072e41a34d7b29dc2f0890fa89806922644586"
published-version = "1"
